
Microsoft Visual Studio Solution File, Format Version 12.00
# Visual Studio Version 17
VisualStudioVersion = 17.14.36623.8 d17.14
MinimumVisualStudioVersion = 10.0.40219.1
Project("{FAE04EC0-301F-11D3-BF4B-00C04F79EFBC}") = "PrivateAssemblies_Esteban", "PrivateAssemblies_Esteban\PrivateAssemblies_Esteban.csproj", "{CCD79C23-B376-493D-A7A1-2FE47BEDFF8D}"
EndProject
Project("{FAE04EC0-301F-11D3-BF4B-00C04F79EFBC}") = "CalculatorPrivateAssembly", "CalculatorPrivateAssembly\CalculatorPrivateAssembly.csproj", "{16102CA3-560F-4364-A4CD-5A82EA96D26E}"
EndProject
Global
	GlobalSection(SolutionConfigurationPlatforms) = preSolution
		Debug|Any CPU = Debug|Any CPU
		Release|Any CPU = Release|Any CPU
	EndGlobalSection
	GlobalSection(ProjectConfigurationPlatforms) = postSolution
		{CCD79C23-B376-493D-A7A1-2FE47BEDFF8D}.Debug|Any CPU.ActiveCfg = Debug|Any CPU
		{CCD79C23-B376-493D-A7A1-2FE47BEDFF8D}.Debug|Any CPU.Build.0 = Debug|Any CPU
		{CCD79C23-B376-493D-A7A1-2FE47BEDFF8D}.Release|Any CPU.ActiveCfg = Release|Any CPU
		{CCD79C23-B376-493D-A7A1-2FE47BEDFF8D}.Release|Any CPU.Build.0 = Release|Any CPU
		{16102CA3-560F-4364-A4CD-5A82EA96D26E}.Debug|Any CPU.ActiveCfg = Debug|Any CPU
		{16102CA3-560F-4364-A4CD-5A82EA96D26E}.Debug|Any CPU.Build.0 = Debug|Any CPU
		{16102CA3-560F-4364-A4CD-5A82EA96D26E}.Release|Any CPU.ActiveCfg = Release|Any CPU
		{16102CA3-560F-4364-A4CD-5A82EA96D26E}.Release|Any CPU.Build.0 = Release|Any CPU
	EndGlobalSection
	GlobalSection(SolutionProperties) = preSolution
		HideSolutionNode = FALSE
	EndGlobalSection
	GlobalSection(ExtensibilityGlobals) = postSolution
		SolutionGuid = {8084BEE6-2BF4-46AB-B373-9BCCBEC9FBE7}
	EndGlobalSection
EndGlobal
